
Microsoft Visual Studio Solution File, Format Version 12.00
# Visual Studio 15
VisualStudioVersion = 15.0.27130.2020
MinimumVisualStudioVersion = 10.0.40219.1
Project("{FAE04EC0-301F-11D3-BF4B-00C04F79EFBC}") = "SudokuSolver", "SudokuSolver\SudokuSolver.csproj", "{B42D3859-2F05-498C-B413-2515FB7E404A}"
EndProject
Project("{FAE04EC0-301F-11D3-BF4B-00C04F79EFBC}") = "SudokuSolver.Tests", "..\SudokuSolver.Tests\SudokuSolver.Tests.csproj", "{A575AA52-FCD0-43C5-A693-A404454CADA1}"
EndProject
Global
	GlobalSection(SolutionConfigurationPlatforms) = preSolution
		Debug|Any CPU = Debug|Any CPU
		Release|Any CPU = Release|Any CPU
	EndGlobalSection
	GlobalSection(ProjectConfigurationPlatforms) = postSolution
		{B42D3859-2F05-498C-B413-2515FB7E404A}.Debug|Any CPU.ActiveCfg = Debug|Any CPU
		{B42D3859-2F05-498C-B413-2515FB7E404A}.Debug|Any CPU.Build.0 = Debug|Any CPU
		{B42D3859-2F05-498C-B413-2515FB7E404A}.Release|Any CPU.ActiveCfg = Release|Any CPU
		{B42D3859-2F05-498C-B413-2515FB7E404A}.Release|Any CPU.Build.0 = Release|Any CPU
		{A575AA52-FCD0-43C5-A693-A404454CADA1}.Debug|Any CPU.ActiveCfg = Debug|Any CPU
		{A575AA52-FCD0-43C5-A693-A404454CADA1}.Debug|Any CPU.Build.0 = Debug|Any CPU
		{A575AA52-FCD0-43C5-A693-A404454CADA1}.Release|Any CPU.ActiveCfg = Release|Any CPU
		{A575AA52-FCD0-43C5-A693-A404454CADA1}.Release|Any CPU.Build.0 = Release|Any CPU
	EndGlobalSection
	GlobalSection(SolutionProperties) = preSolution
		HideSolutionNode = FALSE
	EndGlobalSection
	GlobalSection(ExtensibilityGlobals) = postSolution
		SolutionGuid = {D4F25042-2E7E-4F88-9E81-886EF0BD4508}
	EndGlobalSection
EndGlobal
