
Microsoft Visual Studio Solution File, Format Version 12.00
# Visual Studio 14
VisualStudioVersion = 14.0.25420.1
MinimumVisualStudioVersion = 10.0.40219.1
Project("{FAE04EC0-301F-11D3-BF4B-00C04F79EFBC}") = "FileEtl.Console", "FileEtl.Console\FileEtl.Console.csproj", "{662A91A7-3993-46F1-8873-1E1BEC0B1FD6}"
EndProject
Project("{FAE04EC0-301F-11D3-BF4B-00C04F79EFBC}") = "FileEtl.Designer", "FileEtl.Designer\FileEtl.Designer.csproj", "{5F3B9372-12B2-426C-A38E-7E72114C829F}"
EndProject
Global
	GlobalSection(SolutionConfigurationPlatforms) = preSolution
		Debug|Any CPU = Debug|Any CPU
		Release|Any CPU = Release|Any CPU
	EndGlobalSection
	GlobalSection(ProjectConfigurationPlatforms) = postSolution
		{662A91A7-3993-46F1-8873-1E1BEC0B1FD6}.Debug|Any CPU.ActiveCfg = Debug|Any CPU
		{662A91A7-3993-46F1-8873-1E1BEC0B1FD6}.Debug|Any CPU.Build.0 = Debug|Any CPU
		{662A91A7-3993-46F1-8873-1E1BEC0B1FD6}.Release|Any CPU.ActiveCfg = Release|Any CPU
		{662A91A7-3993-46F1-8873-1E1BEC0B1FD6}.Release|Any CPU.Build.0 = Release|Any CPU
		{5F3B9372-12B2-426C-A38E-7E72114C829F}.Debug|Any CPU.ActiveCfg = Debug|Any CPU
		{5F3B9372-12B2-426C-A38E-7E72114C829F}.Debug|Any CPU.Build.0 = Debug|Any CPU
		{5F3B9372-12B2-426C-A38E-7E72114C829F}.Release|Any CPU.ActiveCfg = Release|Any CPU
		{5F3B9372-12B2-426C-A38E-7E72114C829F}.Release|Any CPU.Build.0 = Release|Any CPU
	EndGlobalSection
	GlobalSection(SolutionProperties) = preSolution
		HideSolutionNode = FALSE
	EndGlobalSection
EndGlobal
