
Microsoft Visual Studio Solution File, Format Version 12.00
# Visual Studio 15
VisualStudioVersion = 15.0.27428.2011
MinimumVisualStudioVersion = 10.0.40219.1
Project("{FAE04EC0-301F-11D3-BF4B-00C04F79EFBC}") = "AspDotNetToDotnetCoreMigrator", "AspDotNetToDotnetCoreMigrator\AspDotNetToDotnetCoreMigrator.csproj", "{A0D22887-482E-4875-80F8-32AACE29A398}"
EndProject
Global
	GlobalSection(SolutionConfigurationPlatforms) = preSolution
		Debug|Any CPU = Debug|Any CPU
		Release|Any CPU = Release|Any CPU
	EndGlobalSection
	GlobalSection(ProjectConfigurationPlatforms) = postSolution
		{A0D22887-482E-4875-80F8-32AACE29A398}.Debug|Any CPU.ActiveCfg = Debug|Any CPU
		{A0D22887-482E-4875-80F8-32AACE29A398}.Debug|Any CPU.Build.0 = Debug|Any CPU
		{A0D22887-482E-4875-80F8-32AACE29A398}.Release|Any CPU.ActiveCfg = Release|Any CPU
		{A0D22887-482E-4875-80F8-32AACE29A398}.Release|Any CPU.Build.0 = Release|Any CPU
	EndGlobalSection
	GlobalSection(SolutionProperties) = preSolution
		HideSolutionNode = FALSE
	EndGlobalSection
	GlobalSection(ExtensibilityGlobals) = postSolution
		SolutionGuid = {5B2A8109-86EC-4BDE-B1B1-55AC8A639548}
	EndGlobalSection
EndGlobal
